
Microsoft Visual Studio Solution File, Format Version 12.00
# Visual Studio 14
VisualStudioVersion = 14.0.24720.0
MinimumVisualStudioVersion = 10.0.40219.1
Project("{FAE04EC0-301F-11D3-BF4B-00C04F79EFBC}") = "BUMBSS.com", "ALVER.com\BUMBSS.com.csproj", "{CA833151-FA1A-4B6D-ADA6-DED1526A64F5}"
EndProject
Project("{FAE04EC0-301F-11D3-BF4B-00C04F79EFBC}") = "BUSSINESLOGICLAYER", "BUSSINESLOGICLAYER\BUSSINESLOGICLAYER.csproj", "{AAF28623-2E23-4213-9DE9-CCFAC63CA6D3}"
EndProject
Project("{FAE04EC0-301F-11D3-BF4B-00C04F79EFBC}") = "FACADELAYER", "FACADELAYER\FACADELAYER.csproj", "{111D86D3-6871-4C98-B150-DDE72CC6995B}"
EndProject
Project("{FAE04EC0-301F-11D3-BF4B-00C04F79EFBC}") = "ENTITYLAYER", "ENTITYLAYER\ENTITYLAYER.csproj", "{2DFD0F54-6564-47B2-804C-65A651BDBEEC}"
EndProject
Global
	GlobalSection(SolutionConfigurationPlatforms) = preSolution
		Debug|Any CPU = Debug|Any CPU
		Release|Any CPU = Release|Any CPU
	EndGlobalSection
	GlobalSection(ProjectConfigurationPlatforms) = postSolution
		{CA833151-FA1A-4B6D-ADA6-DED1526A64F5}.Debug|Any CPU.ActiveCfg = Debug|Any CPU
		{CA833151-FA1A-4B6D-ADA6-DED1526A64F5}.Debug|Any CPU.Build.0 = Debug|Any CPU
		{CA833151-FA1A-4B6D-ADA6-DED1526A64F5}.Release|Any CPU.ActiveCfg = Release|Any CPU
		{CA833151-FA1A-4B6D-ADA6-DED1526A64F5}.Release|Any CPU.Build.0 = Release|Any CPU
		{AAF28623-2E23-4213-9DE9-CCFAC63CA6D3}.Debug|Any CPU.ActiveCfg = Debug|Any CPU
		{AAF28623-2E23-4213-9DE9-CCFAC63CA6D3}.Debug|Any CPU.Build.0 = Debug|Any CPU
		{AAF28623-2E23-4213-9DE9-CCFAC63CA6D3}.Release|Any CPU.ActiveCfg = Release|Any CPU
		{AAF28623-2E23-4213-9DE9-CCFAC63CA6D3}.Release|Any CPU.Build.0 = Release|Any CPU
		{111D86D3-6871-4C98-B150-DDE72CC6995B}.Debug|Any CPU.ActiveCfg = Debug|Any CPU
		{111D86D3-6871-4C98-B150-DDE72CC6995B}.Debug|Any CPU.Build.0 = Debug|Any CPU
		{111D86D3-6871-4C98-B150-DDE72CC6995B}.Release|Any CPU.ActiveCfg = Release|Any CPU
		{111D86D3-6871-4C98-B150-DDE72CC6995B}.Release|Any CPU.Build.0 = Release|Any CPU
		{2DFD0F54-6564-47B2-804C-65A651BDBEEC}.Debug|Any CPU.ActiveCfg = Debug|Any CPU
		{2DFD0F54-6564-47B2-804C-65A651BDBEEC}.Debug|Any CPU.Build.0 = Debug|Any CPU
		{2DFD0F54-6564-47B2-804C-65A651BDBEEC}.Release|Any CPU.ActiveCfg = Release|Any CPU
		{2DFD0F54-6564-47B2-804C-65A651BDBEEC}.Release|Any CPU.Build.0 = Release|Any CPU
	EndGlobalSection
	GlobalSection(SolutionProperties) = preSolution
		HideSolutionNode = FALSE
	EndGlobalSection
EndGlobal
